
Microsoft Visual Studio Solution File, Format Version 12.00
# Visual Studio 15
VisualStudioVersion = 15.0.27004.2005
MinimumVisualStudioVersion = 10.0.40219.1
Project("{FAE04EC0-301F-11D3-BF4B-00C04F79EFBC}") = "GuiLayer", "GuiLayer\GuiLayer.csproj", "{DC0CA2C4-54F0-4375-ACD7-0DE18594B0AA}"
EndProject
Project("{FAE04EC0-301F-11D3-BF4B-00C04F79EFBC}") = "LibraryLayer", "LibraryLayer\LibraryLayer.csproj", "{0A32402D-E7BE-45DD-9AE1-AC1C0541C5E0}"
EndProject
Project("{FAE04EC0-301F-11D3-BF4B-00C04F79EFBC}") = "DatabaseLayer", "DatabaseLayer\DatabaseLayer.csproj", "{EA39DABF-E7FB-41ED-9F99-8094B1AFAC96}"
EndProject
Project("{FAE04EC0-301F-11D3-BF4B-00C04F79EFBC}") = "LoginBLService", "Login.Service\LoginBLService.csproj", "{F3DAB7A1-909B-4516-A344-B15BEDD00CA7}"
EndProject
Project("{FAE04EC0-301F-11D3-BF4B-00C04F79EFBC}") = "TestLayer", "TestLayer\TestLayer.csproj", "{0EAE867B-A97C-48F3-BD4C-F014A2BE5B5E}"
EndProject
Project("{2150E333-8FDC-42A3-9474-1A3956D46DE8}") = "Solution Items", "Solution Items", "{ADCB00E8-FD9A-4E88-A3E8-19CF11D105AF}"
	ProjectSection(SolutionItems) = preProject
		..\..\..\DatabaseLayer.ShopContext.mdf = ..\..\..\DatabaseLayer.ShopContext.mdf
	EndProjectSection
EndProject
Project("{FAE04EC0-301F-11D3-BF4B-00C04F79EFBC}") = "ProductItem.Service", "ProductItem.Service\ProductItem.Service.csproj", "{A5B34B2B-85C4-4F14-9216-7D0DCF357EC2}"
EndProject
Project("{FAE04EC0-301F-11D3-BF4B-00C04F79EFBC}") = "User.Service", "User.Service\User.Service.csproj", "{001C02A8-09BB-44E1-8CF1-C6BC9F1F8F25}"
EndProject
Project("{FAE04EC0-301F-11D3-BF4B-00C04F79EFBC}") = "Basket.Service", "Basket.Service\Basket.Service.csproj", "{85C7F247-9506-431C-953F-4747DA093E96}"
EndProject
Project("{FAE04EC0-301F-11D3-BF4B-00C04F79EFBC}") = "Product.Service", "Product.Service\Product.Service.csproj", "{8B7747BE-0797-400B-B81E-66A460696316}"
EndProject
Project("{FAE04EC0-301F-11D3-BF4B-00C04F79EFBC}") = "NotificationService", "NotificationService\NotificationService.csproj", "{440469C5-9AF5-43AC-BEE7-0A23E0DEFA14}"
EndProject
Project("{FAE04EC0-301F-11D3-BF4B-00C04F79EFBC}") = "BasketBLService", "BasketBLService\BasketBLService.csproj", "{AF989944-62F3-4362-9EF3-D19B989E8DE1}"
EndProject
Global
	GlobalSection(SolutionConfigurationPlatforms) = preSolution
		Debug|Any CPU = Debug|Any CPU
		Release|Any CPU = Release|Any CPU
	EndGlobalSection
	GlobalSection(ProjectConfigurationPlatforms) = postSolution
		{DC0CA2C4-54F0-4375-ACD7-0DE18594B0AA}.Debug|Any CPU.ActiveCfg = Debug|Any CPU
		{DC0CA2C4-54F0-4375-ACD7-0DE18594B0AA}.Debug|Any CPU.Build.0 = Debug|Any CPU
		{DC0CA2C4-54F0-4375-ACD7-0DE18594B0AA}.Release|Any CPU.ActiveCfg = Release|Any CPU
		{DC0CA2C4-54F0-4375-ACD7-0DE18594B0AA}.Release|Any CPU.Build.0 = Release|Any CPU
		{0A32402D-E7BE-45DD-9AE1-AC1C0541C5E0}.Debug|Any CPU.ActiveCfg = Debug|Any CPU
		{0A32402D-E7BE-45DD-9AE1-AC1C0541C5E0}.Debug|Any CPU.Build.0 = Debug|Any CPU
		{0A32402D-E7BE-45DD-9AE1-AC1C0541C5E0}.Release|Any CPU.ActiveCfg = Release|Any CPU
		{0A32402D-E7BE-45DD-9AE1-AC1C0541C5E0}.Release|Any CPU.Build.0 = Release|Any CPU
		{EA39DABF-E7FB-41ED-9F99-8094B1AFAC96}.Debug|Any CPU.ActiveCfg = Debug|Any CPU
		{EA39DABF-E7FB-41ED-9F99-8094B1AFAC96}.Debug|Any CPU.Build.0 = Debug|Any CPU
		{EA39DABF-E7FB-41ED-9F99-8094B1AFAC96}.Release|Any CPU.ActiveCfg = Release|Any CPU
		{EA39DABF-E7FB-41ED-9F99-8094B1AFAC96}.Release|Any CPU.Build.0 = Release|Any CPU
		{F3DAB7A1-909B-4516-A344-B15BEDD00CA7}.Debug|Any CPU.ActiveCfg = Debug|Any CPU
		{F3DAB7A1-909B-4516-A344-B15BEDD00CA7}.Debug|Any CPU.Build.0 = Debug|Any CPU
		{F3DAB7A1-909B-4516-A344-B15BEDD00CA7}.Release|Any CPU.ActiveCfg = Release|Any CPU
		{F3DAB7A1-909B-4516-A344-B15BEDD00CA7}.Release|Any CPU.Build.0 = Release|Any CPU
		{0EAE867B-A97C-48F3-BD4C-F014A2BE5B5E}.Debug|Any CPU.ActiveCfg = Debug|Any CPU
		{0EAE867B-A97C-48F3-BD4C-F014A2BE5B5E}.Debug|Any CPU.Build.0 = Debug|Any CPU
		{0EAE867B-A97C-48F3-BD4C-F014A2BE5B5E}.Release|Any CPU.ActiveCfg = Release|Any CPU
		{0EAE867B-A97C-48F3-BD4C-F014A2BE5B5E}.Release|Any CPU.Build.0 = Release|Any CPU
		{A5B34B2B-85C4-4F14-9216-7D0DCF357EC2}.Debug|Any CPU.ActiveCfg = Debug|Any CPU
		{A5B34B2B-85C4-4F14-9216-7D0DCF357EC2}.Debug|Any CPU.Build.0 = Debug|Any CPU
		{A5B34B2B-85C4-4F14-9216-7D0DCF357EC2}.Release|Any CPU.ActiveCfg = Release|Any CPU
		{A5B34B2B-85C4-4F14-9216-7D0DCF357EC2}.Release|Any CPU.Build.0 = Release|Any CPU
		{001C02A8-09BB-44E1-8CF1-C6BC9F1F8F25}.Debug|Any CPU.ActiveCfg = Debug|Any CPU
		{001C02A8-09BB-44E1-8CF1-C6BC9F1F8F25}.Debug|Any CPU.Build.0 = Debug|Any CPU
		{001C02A8-09BB-44E1-8CF1-C6BC9F1F8F25}.Release|Any CPU.ActiveCfg = Release|Any CPU
		{001C02A8-09BB-44E1-8CF1-C6BC9F1F8F25}.Release|Any CPU.Build.0 = Release|Any CPU
		{85C7F247-9506-431C-953F-4747DA093E96}.Debug|Any CPU.ActiveCfg = Debug|Any CPU
		{85C7F247-9506-431C-953F-4747DA093E96}.Debug|Any CPU.Build.0 = Debug|Any CPU
		{85C7F247-9506-431C-953F-4747DA093E96}.Release|Any CPU.ActiveCfg = Release|Any CPU
		{85C7F247-9506-431C-953F-4747DA093E96}.Release|Any CPU.Build.0 = Release|Any CPU
		{8B7747BE-0797-400B-B81E-66A460696316}.Debug|Any CPU.ActiveCfg = Debug|Any CPU
		{8B7747BE-0797-400B-B81E-66A460696316}.Debug|Any CPU.Build.0 = Debug|Any CPU
		{8B7747BE-0797-400B-B81E-66A460696316}.Release|Any CPU.ActiveCfg = Release|Any CPU
		{8B7747BE-0797-400B-B81E-66A460696316}.Release|Any CPU.Build.0 = Release|Any CPU
		{440469C5-9AF5-43AC-BEE7-0A23E0DEFA14}.Debug|Any CPU.ActiveCfg = Debug|Any CPU
		{440469C5-9AF5-43AC-BEE7-0A23E0DEFA14}.Debug|Any CPU.Build.0 = Debug|Any CPU
		{440469C5-9AF5-43AC-BEE7-0A23E0DEFA14}.Release|Any CPU.ActiveCfg = Release|Any CPU
		{440469C5-9AF5-43AC-BEE7-0A23E0DEFA14}.Release|Any CPU.Build.0 = Release|Any CPU
		{AF989944-62F3-4362-9EF3-D19B989E8DE1}.Debug|Any CPU.ActiveCfg = Debug|Any CPU
		{AF989944-62F3-4362-9EF3-D19B989E8DE1}.Debug|Any CPU.Build.0 = Debug|Any CPU
		{AF989944-62F3-4362-9EF3-D19B989E8DE1}.Release|Any CPU.ActiveCfg = Release|Any CPU
		{AF989944-62F3-4362-9EF3-D19B989E8DE1}.Release|Any CPU.Build.0 = Release|Any CPU
	EndGlobalSection
	GlobalSection(SolutionProperties) = preSolution
		HideSolutionNode = FALSE
	EndGlobalSection
	GlobalSection(ExtensibilityGlobals) = postSolution
		SolutionGuid = {1DC79652-9E4E-4A83-835E-4E0E61392B36}
	EndGlobalSection
EndGlobal
